{
  "name": "vanjs-org-website",
  "version": "0.1.0",
  "lockfileVersion": 3,
  "requires": true,
  "packages": {
    "": {
      "name": "vanjs-org-website",
      "version": "0.1.0",
      "devDependencies": {
        "deno-bin": "^1.37.1"
      }
    },
    "node_modules/adm-zip": {
      "version": "0.5.10",
      "resolved": "https://registry.npmjs.org/adm-zip/-/adm-zip-0.5.10.tgz",
      "integrity": "sha512-x0HvcHqVJNTPk/Bw8JbLWlWoo6Wwnsug0fnYYro1HBrjxZ3G7/AZk7Ahv8JwDe1uIcz8eBqvu86FuF1POiG7vQ==",
      "dev": true,
      "engines": {
        "node": ">=6.0"
      }
    },
    "node_modules/deno-bin": {
      "version": "1.37.1",
      "resolved": "https://registry.npmjs.org/deno-bin/-/deno-bin-1.37.1.tgz",
      "integrity": "sha512-RORiEtlUPKJqXVYO8P/B1sdOkYLGfSYi2kiRzXb1WUHzkq14yAQr73gXrRU3jcM7do77Rwq+ZR+XZ2Adq8Uymg==",
      "dev": true,
      "hasInstallScript": true,
      "dependencies": {
        "adm-zip": "^0.5.4",
        "follow-redirects": "^1.10.0"
      },
      "bin": {
        "deno": "bin/deno.js",
        "deno-bin": "bin/deno.js"
      }
    },
    "node_modules/follow-redirects": {
      "version": "1.15.3",
      "resolved": "https://registry.npmjs.org/follow-redirects/-/follow-redirects-1.15.3.tgz",
      "integrity": "sha512-1VzOtuEM8pC9SFU1E+8KfTjZyMztRsgEfwQl44z8A25uy13jSzTj6dyK2Df52iV0vgHCfBwLhDWevLn95w5v6Q==",
      "dev": true,
      "funding": [
        {
          "type": "individual",
          "url": "https://github.com/sponsors/RubenVerborgh"
        }
      ],
      "engines": {
        "node": ">=4.0"
      },
      "peerDependenciesMeta": {
        "debug": {
          "optional": true
        }
      }
    }
  }
}
