# THIS IS AN AUTOGENERATED FILE. DO NOT EDIT THIS FILE DIRECTLY.
# yarn lockfile v1
# bun ./bun.lockb --hash: ECAFA20B56885739-90c343336e17399a-86DF66D24B315746-38e649c808f95786


dom-serializer@^2.0.0:
  version "2.0.0"
  resolved "https://registry.npmjs.org/dom-serializer/-/dom-serializer-2.0.0.tgz"
  integrity sha512-wIkAryiqt/nV5EQKqQpo3SToSOV9J0DnbJqwK7Wv/Trc92zIAYZ4FlMu+JPFW1DfGFt81ZTCGgDEabffXeLyJg==
  dependencies:
    domelementtype "^2.3.0"
    domhandler "^5.0.2"
    entities "^4.2.0"

domelementtype@^2.3.0:
  version "2.3.0"
  resolved "https://registry.npmjs.org/domelementtype/-/domelementtype-2.3.0.tgz"
  integrity sha512-OLETBj6w0OsagBwdXnPdN0cnMfF9opN69co+7ZrbfPGrdpPVNBUj02spi6B1N7wChLQiPn4CSH/zJvXw56gmHw==

domhandler@5.0.3, domhandler@^5.0.2, domhandler@^5.0.3:
  version "5.0.3"
  resolved "https://registry.npmjs.org/domhandler/-/domhandler-5.0.3.tgz"
  integrity sha512-cgwlv/1iFQiFnU96XXgROh8xTeetsnJiDsTc7TYCLFd9+/WNkIqPTxiM/8pSd8VIrhXGTf1Ny1q1hquVqDJB5w==
  dependencies:
    domelementtype "^2.3.0"

domutils@^3.1.0:
  version "3.1.0"
  resolved "https://registry.npmjs.org/domutils/-/domutils-3.1.0.tgz"
  integrity sha512-H78uMmQtI2AhgDJjWeQmHwJJ2bLPD3GMmO7Zja/ZZh84wkm+4ut+IUnUdRa8uCGX88DiVx1j6FRe1XfxEgjEZA==
  dependencies:
    dom-serializer "^2.0.0"
    domelementtype "^2.3.0"
    domhandler "^5.0.3"

entities@^4.2.0, entities@^4.5.0:
  version "4.5.0"
  resolved "https://registry.npmjs.org/entities/-/entities-4.5.0.tgz"
  integrity sha512-V0hjH4dGPh9Ao5p0MoRY6BVqtwCjhz6vI5LT8AJ55H+4g9/4vbHx1I54fS0XuclLhDHArPQCiMjDxjaL8fPxhw==

html-dom-parser@^4.0.0:
  version "4.0.0"
  resolved "https://registry.npmjs.org/html-dom-parser/-/html-dom-parser-4.0.0.tgz"
  integrity sha512-TUa3wIwi80f5NF8CVWzkopBVqVAtlawUzJoLwVLHns0XSJGynss4jiY0mTWpiDOsuyw+afP+ujjMgRh9CoZcXw==
  dependencies:
    domhandler "5.0.3"
    htmlparser2 "9.0.0"

htmlparser2@9.0.0:
  version "9.0.0"
  resolved "https://registry.npmjs.org/htmlparser2/-/htmlparser2-9.0.0.tgz"
  integrity sha512-uxbSI98wmFT/G4P2zXx4OVx04qWUmyFPrD2/CNepa2Zo3GPNaCaaxElDgwUrwYWkK1nr9fft0Ya8dws8coDLLQ==
  dependencies:
    domelementtype "^2.3.0"
    domhandler "^5.0.3"
    domutils "^3.1.0"
    entities "^4.5.0"

marked@^9.0.0:
  version "9.0.3"
  resolved "https://registry.npmjs.org/marked/-/marked-9.0.3.tgz"
  integrity sha512-pI/k4nzBG1PEq1J3XFEHxVvjicfjl8rgaMaqclouGSMPhk7Q3Ejb2ZRxx/ZQOcQ1909HzVoWCFYq6oLgtL4BpQ==

vanjs-converter@^0.2.0:
  version "0.2.0"
  resolved "https://registry.npmjs.org/vanjs-converter/-/vanjs-converter-0.2.0.tgz"
  integrity sha512-F8Zh8Wr9Zk1+tbE/WiP98FxBabIfVl0sQu05C+0l3Hmfxs7gYDVP8j9Zy9pb4S5TmNvY92QpRzUheb1l9xj7qw==
  dependencies:
    html-dom-parser "^4.0.0"
    marked "^9.0.0"

vanjs-core@^1.5.0:
  version "1.5.0"
  resolved "https://registry.npmjs.org/vanjs-core/-/vanjs-core-1.5.0.tgz"
  integrity sha512-kOM9XVOciL9Q3Ihn3ruycTL5NCvuR5Ub7wwQIU9sZJdMBWSxesbeyN3+PWceLz57ImgHTF0eOVvhkoKJLlE3hw==
