{
  "name": "van-plate-node-demo",
  "version": "0.1.0",
  "lockfileVersion": 3,
  "requires": true,
  "packages": {
    "": {
      "name": "van-plate-node-demo",
      "version": "0.1.0",
      "dependencies": {
        "mini-van-plate": "^0.5.3"
      }
    },
    "node_modules/mini-van-plate": {
      "version": "0.5.3",
      "resolved": "https://registry.npmjs.org/mini-van-plate/-/mini-van-plate-0.5.3.tgz",
      "integrity": "sha512-l6iAE38kJZoLA7J4RecTU7g0g9hmepKaR2gAHqkSRrl8kRF+un+FQmsKDF/DboSGE1vi85msKGGEpNpCz+17uA=="
    }
  }
}
