{
  "name": "van-plate-node-demo",
  "version": "0.1.0",
  "lockfileVersion": 3,
  "requires": true,
  "packages": {
    "": {
      "name": "van-plate-node-demo",
      "version": "0.1.0",
      "dependencies": {
        "mini-van-plate": "^0.5.5"
      }
    },
    "node_modules/mini-van-plate": {
      "version": "0.5.5",
      "resolved": "https://registry.npmjs.org/mini-van-plate/-/mini-van-plate-0.5.5.tgz",
      "integrity": "sha512-GlkMY+ZY51d0WBjstIuNgTifVRj53CLt+Ry7IHwR6dNwtu6gK8nCnG6K3NcEGDtBZhMuiSf+va1cw2vVwyb3sw=="
    }
  }
}
