{
  "name": "van-plate-node-demo",
  "version": "0.1.0",
  "lockfileVersion": 3,
  "requires": true,
  "packages": {
    "": {
      "name": "van-plate-node-demo",
      "version": "0.1.0",
      "dependencies": {
        "mini-van-plate": "^0.6.3"
      }
    },
    "node_modules/mini-van-plate": {
      "version": "0.6.3",
      "resolved": "https://registry.npmjs.org/mini-van-plate/-/mini-van-plate-0.6.3.tgz",
      "integrity": "sha512-PWq3GSjLzVpd1veP1lYzR4YIpZdFgJ20OSOWtScBLsZP6O267NKeWcQpsZC1qERf1G20ynO4IrguN0PuDB7tqw==",
      "license": "MIT"
    }
  }
}
